
Microsoft Visual Studio Solution File, Format Version 12.00
# Visual Studio Version 16
VisualStudioVersion = 16.0.31129.286
MinimumVisualStudioVersion = 10.0.40219.1
Project("{FAE04EC0-301F-11D3-BF4B-00C04F79EFBC}") = "FileUserStore", "FileUserStore\FileUserStore.csproj", "{5B286D21-2B1A-4035-9DD5-C421B1D7FEB1}"
EndProject
Global
	GlobalSection(SolutionConfigurationPlatforms) = preSolution
		Debug|Any CPU = Debug|Any CPU
		Release|Any CPU = Release|Any CPU
	EndGlobalSection
	GlobalSection(ProjectConfigurationPlatforms) = postSolution
		{5B286D21-2B1A-4035-9DD5-C421B1D7FEB1}.Debug|Any CPU.ActiveCfg = Debug|Any CPU
		{5B286D21-2B1A-4035-9DD5-C421B1D7FEB1}.Debug|Any CPU.Build.0 = Debug|Any CPU
		{5B286D21-2B1A-4035-9DD5-C421B1D7FEB1}.Release|Any CPU.ActiveCfg = Release|Any CPU
		{5B286D21-2B1A-4035-9DD5-C421B1D7FEB1}.Release|Any CPU.Build.0 = Release|Any CPU
	EndGlobalSection
	GlobalSection(SolutionProperties) = preSolution
		HideSolutionNode = FALSE
	EndGlobalSection
	GlobalSection(ExtensibilityGlobals) = postSolution
		SolutionGuid = {98257FFB-A5CA-4856-97E9-470DEE032E8A}
	EndGlobalSection
EndGlobal
